
Microsoft Visual Studio Solution File, Format Version 12.00
# Visual Studio Version 17
VisualStudioVersion = 17.7.34031.279
MinimumVisualStudioVersion = 10.0.40219.1
Project("{9A19103F-16F7-4668-BE54-9A1E7A4F7556}") = "CinemaApplication.MVC", "CinemaApplication.MVC\CinemaApplication.MVC.csproj", "{0C9E7E89-5733-4053-ACDA-94080F025A22}"
EndProject
Project("{9A19103F-16F7-4668-BE54-9A1E7A4F7556}") = "CinemaApplication.SharedModels", "CinemaApplication.SharedModels\CinemaApplication.SharedModels.csproj", "{7702CD0F-5CCD-49AC-9814-E1AED5B4845B}"
EndProject
Project("{9A19103F-16F7-4668-BE54-9A1E7A4F7556}") = "CinemaApplication.DataAccess", "CinemaApplication.DataAccess\CinemaApplication.DataAccess.csproj", "{8A70EF45-5555-40FD-B71F-CCE4C6B6491A}"
EndProject
Project("{FAE04EC0-301F-11D3-BF4B-00C04F79EFBC}") = "CinemaApplication.AuthenticationAndAuthorization", "CinemaApplication.AuthenticationAndAuthorization\CinemaApplication.AuthenticationAndAuthorization.csproj", "{02278CC8-649D-43E8-B5D2-FB1B3559A3C2}"
EndProject
Global
	GlobalSection(SolutionConfigurationPlatforms) = preSolution
		Debug|Any CPU = Debug|Any CPU
		Release|Any CPU = Release|Any CPU
	EndGlobalSection
	GlobalSection(ProjectConfigurationPlatforms) = postSolution
		{0C9E7E89-5733-4053-ACDA-94080F025A22}.Debug|Any CPU.ActiveCfg = Debug|Any CPU
		{0C9E7E89-5733-4053-ACDA-94080F025A22}.Debug|Any CPU.Build.0 = Debug|Any CPU
		{0C9E7E89-5733-4053-ACDA-94080F025A22}.Release|Any CPU.ActiveCfg = Release|Any CPU
		{0C9E7E89-5733-4053-ACDA-94080F025A22}.Release|Any CPU.Build.0 = Release|Any CPU
		{7702CD0F-5CCD-49AC-9814-E1AED5B4845B}.Debug|Any CPU.ActiveCfg = Debug|Any CPU
		{7702CD0F-5CCD-49AC-9814-E1AED5B4845B}.Debug|Any CPU.Build.0 = Debug|Any CPU
		{7702CD0F-5CCD-49AC-9814-E1AED5B4845B}.Release|Any CPU.ActiveCfg = Release|Any CPU
		{7702CD0F-5CCD-49AC-9814-E1AED5B4845B}.Release|Any CPU.Build.0 = Release|Any CPU
		{8A70EF45-5555-40FD-B71F-CCE4C6B6491A}.Debug|Any CPU.ActiveCfg = Debug|Any CPU
		{8A70EF45-5555-40FD-B71F-CCE4C6B6491A}.Debug|Any CPU.Build.0 = Debug|Any CPU
		{8A70EF45-5555-40FD-B71F-CCE4C6B6491A}.Release|Any CPU.ActiveCfg = Release|Any CPU
		{8A70EF45-5555-40FD-B71F-CCE4C6B6491A}.Release|Any CPU.Build.0 = Release|Any CPU
		{02278CC8-649D-43E8-B5D2-FB1B3559A3C2}.Debug|Any CPU.ActiveCfg = Debug|Any CPU
		{02278CC8-649D-43E8-B5D2-FB1B3559A3C2}.Debug|Any CPU.Build.0 = Debug|Any CPU
		{02278CC8-649D-43E8-B5D2-FB1B3559A3C2}.Release|Any CPU.ActiveCfg = Release|Any CPU
		{02278CC8-649D-43E8-B5D2-FB1B3559A3C2}.Release|Any CPU.Build.0 = Release|Any CPU
	EndGlobalSection
	GlobalSection(SolutionProperties) = preSolution
		HideSolutionNode = FALSE
	EndGlobalSection
	GlobalSection(ExtensibilityGlobals) = postSolution
		SolutionGuid = {996313AF-4412-4131-97E5-1CDACCCCDC11}
	EndGlobalSection
EndGlobal
